
Microsoft Visual Studio Solution File, Format Version 12.00
# Visual Studio Version 16
VisualStudioVersion = 16.0.30804.86
MinimumVisualStudioVersion = 10.0.40219.1
Project("{9A19103F-16F7-4668-BE54-9A1E7A4F7556}") = "MvcMovie", "MvcMovie\MvcMovie.csproj", "{D114AB53-1D0E-4FA5-AAC0-C972B90A39D4}"
EndProject
Project("{FAE04EC0-301F-11D3-BF4B-00C04F79EFBC}") = "MovieAppTest1", "MovieAppTest\MovieAppTest1.csproj", "{0EB42AD7-A95A-4B0B-8AD3-2B7DC211AF3B}"
EndProject
Global
	GlobalSection(SolutionConfigurationPlatforms) = preSolution
		Debug|Any CPU = Debug|Any CPU
		Release|Any CPU = Release|Any CPU
	EndGlobalSection
	GlobalSection(ProjectConfigurationPlatforms) = postSolution
		{D114AB53-1D0E-4FA5-AAC0-C972B90A39D4}.Debug|Any CPU.ActiveCfg = Debug|Any CPU
		{D114AB53-1D0E-4FA5-AAC0-C972B90A39D4}.Debug|Any CPU.Build.0 = Debug|Any CPU
		{D114AB53-1D0E-4FA5-AAC0-C972B90A39D4}.Release|Any CPU.ActiveCfg = Release|Any CPU
		{D114AB53-1D0E-4FA5-AAC0-C972B90A39D4}.Release|Any CPU.Build.0 = Release|Any CPU
		{0EB42AD7-A95A-4B0B-8AD3-2B7DC211AF3B}.Debug|Any CPU.ActiveCfg = Debug|Any CPU
		{0EB42AD7-A95A-4B0B-8AD3-2B7DC211AF3B}.Debug|Any CPU.Build.0 = Debug|Any CPU
		{0EB42AD7-A95A-4B0B-8AD3-2B7DC211AF3B}.Release|Any CPU.ActiveCfg = Release|Any CPU
		{0EB42AD7-A95A-4B0B-8AD3-2B7DC211AF3B}.Release|Any CPU.Build.0 = Release|Any CPU
	EndGlobalSection
	GlobalSection(SolutionProperties) = preSolution
		HideSolutionNode = FALSE
	EndGlobalSection
	GlobalSection(ExtensibilityGlobals) = postSolution
		SolutionGuid = {CDEBBE5D-FC26-4FAC-8F16-0334FA54429F}
	EndGlobalSection
EndGlobal
